
Microsoft Visual Studio Solution File, Format Version 12.00
# Visual Studio Version 17
VisualStudioVersion = 17.5.002.0
MinimumVisualStudioVersion = 10.0.40219.1
Project("{9A19103F-16F7-4668-BE54-9A1E7A4F7556}") = "Merge Sorted Array_leetcode_problem1", "Merge Sorted Array_leetcode_problem1.csproj", "{FBB7337A-D03F-4581-AEA0-768E96E1CE31}"
EndProject
Global
	GlobalSection(SolutionConfigurationPlatforms) = preSolution
		Debug|Any CPU = Debug|Any CPU
		Release|Any CPU = Release|Any CPU
	EndGlobalSection
	GlobalSection(ProjectConfigurationPlatforms) = postSolution
		{FBB7337A-D03F-4581-AEA0-768E96E1CE31}.Debug|Any CPU.ActiveCfg = Debug|Any CPU
		{FBB7337A-D03F-4581-AEA0-768E96E1CE31}.Debug|Any CPU.Build.0 = Debug|Any CPU
		{FBB7337A-D03F-4581-AEA0-768E96E1CE31}.Release|Any CPU.ActiveCfg = Release|Any CPU
		{FBB7337A-D03F-4581-AEA0-768E96E1CE31}.Release|Any CPU.Build.0 = Release|Any CPU
	EndGlobalSection
	GlobalSection(SolutionProperties) = preSolution
		HideSolutionNode = FALSE
	EndGlobalSection
	GlobalSection(ExtensibilityGlobals) = postSolution
		SolutionGuid = {E0E7445C-7D33-4BF2-8063-193E4591112C}
	EndGlobalSection
EndGlobal
